
Microsoft Visual Studio Solution File, Format Version 12.00
# Visual Studio 14
VisualStudioVersion = 14.0.25420.1
MinimumVisualStudioVersion = 10.0.40219.1
Project("{FAE04EC0-301F-11D3-BF4B-00C04F79EFBC}") = "WebUI", "WebUI\WebUI.csproj", "{157F0DB8-3CD9-42DB-BE18-AB8144D54451}"
EndProject
Project("{FAE04EC0-301F-11D3-BF4B-00C04F79EFBC}") = "WebUI.Tests", "WebUI.Tests\WebUI.Tests.csproj", "{700E4939-4492-4014-A3CD-9D26B4B87F00}"
EndProject
Global
	GlobalSection(SolutionConfigurationPlatforms) = preSolution
		Debug|Any CPU = Debug|Any CPU
		Release|Any CPU = Release|Any CPU
	EndGlobalSection
	GlobalSection(ProjectConfigurationPlatforms) = postSolution
		{157F0DB8-3CD9-42DB-BE18-AB8144D54451}.Debug|Any CPU.ActiveCfg = Debug|Any CPU
		{157F0DB8-3CD9-42DB-BE18-AB8144D54451}.Debug|Any CPU.Build.0 = Debug|Any CPU
		{157F0DB8-3CD9-42DB-BE18-AB8144D54451}.Release|Any CPU.ActiveCfg = Release|Any CPU
		{157F0DB8-3CD9-42DB-BE18-AB8144D54451}.Release|Any CPU.Build.0 = Release|Any CPU
		{700E4939-4492-4014-A3CD-9D26B4B87F00}.Debug|Any CPU.ActiveCfg = Debug|Any CPU
		{700E4939-4492-4014-A3CD-9D26B4B87F00}.Debug|Any CPU.Build.0 = Debug|Any CPU
		{700E4939-4492-4014-A3CD-9D26B4B87F00}.Release|Any CPU.ActiveCfg = Release|Any CPU
		{700E4939-4492-4014-A3CD-9D26B4B87F00}.Release|Any CPU.Build.0 = Release|Any CPU
	EndGlobalSection
	GlobalSection(SolutionProperties) = preSolution
		HideSolutionNode = FALSE
	EndGlobalSection
EndGlobal
